
Microsoft Visual Studio Solution File, Format Version 12.00
# Visual Studio Version 16
VisualStudioVersion = 16.0.30104.148
MinimumVisualStudioVersion = 10.0.40219.1
Project("{FAE04EC0-301F-11D3-BF4B-00C04F79EFBC}") = "Pug Hack", "Pug Hack.csproj", "{97FB755C-C352-4118-B298-6B51FAD6ABE8}"
EndProject
Global
	GlobalSection(SolutionConfigurationPlatforms) = preSolution
		Debug|Any CPU = Debug|Any CPU
		Release|Any CPU = Release|Any CPU
	EndGlobalSection
	GlobalSection(ProjectConfigurationPlatforms) = postSolution
		{97FB755C-C352-4118-B298-6B51FAD6ABE8}.Debug|Any CPU.ActiveCfg = Debug|Any CPU
		{97FB755C-C352-4118-B298-6B51FAD6ABE8}.Debug|Any CPU.Build.0 = Debug|Any CPU
		{97FB755C-C352-4118-B298-6B51FAD6ABE8}.Release|Any CPU.ActiveCfg = Release|Any CPU
		{97FB755C-C352-4118-B298-6B51FAD6ABE8}.Release|Any CPU.Build.0 = Release|Any CPU
	EndGlobalSection
	GlobalSection(SolutionProperties) = preSolution
		HideSolutionNode = FALSE
	EndGlobalSection
	GlobalSection(ExtensibilityGlobals) = postSolution
		SolutionGuid = {07F56C83-6747-46D6-B76A-1856D1A78A86}
	EndGlobalSection
EndGlobal
